<?xml version="1.0" encoding="UTF-8" standalone="yes" ?>
<CodeBlocks_project_file>
	<FileVersion major="1" minor="6" />
	<Project>
		<Option title="LeBipbip" />
		<Option makefile_is_custom="1" />
		<Option pch_mode="2" />
		<Option compiler="gcc" />
		<MakeCommands>
			<Build command="cd $target ; $make ; cd -" />
			<CompileFile command="" />
			<Clean command="" />
			<DistClean command="$make -f $makefile distclean$target" />
			<AskRebuildNeeded command="" />
			<SilentBuild command="cd $target ; $make ; cd -" />
		</MakeCommands>
		<Build>
			<Target title="Debug_msp430">
				<Option output="Debug_msp430/lebipbip" prefix_auto="1" extension_auto="1" />
				<Option object_output="Debug_msp430/" />
				<Option type="1" />
				<Option compiler="gcc" />
				<Compiler>
					<Add option="-g" />
				</Compiler>
				<MakeCommands>
					<Build command="cd $target ; $make ; cd -" />
					<CompileFile command="" />
					<Clean command="" />
					<DistClean command="$make -f $makefile distclean$target" />
					<AskRebuildNeeded command="" />
					<SilentBuild command="" />
				</MakeCommands>
			</Target>
			<Target title="Release_msp430">
				<Option output="Release_msp430/LeBipbip" prefix_auto="1" extension_auto="1" />
				<Option object_output="Release_msp430/" />
				<Option type="1" />
				<Option compiler="gcc" />
				<Compiler>
					<Add option="-O2" />
				</Compiler>
				<Linker>
					<Add option="-s" />
				</Linker>
			</Target>
		</Build>
		<Compiler>
			<Add option="-Wall" />
		</Compiler>
		<Unit filename="I2C.c">
			<Option compilerVar="CC" />
		</Unit>
		<Unit filename="I2C.h" />
		<Unit filename="Makefile" />
		<Unit filename="TI_USCI_I2C_master.c">
			<Option compilerVar="CC" />
		</Unit>
		<Unit filename="TI_USCI_I2C_master.h" />
		<Unit filename="bithacks.h" />
		<Unit filename="bmp085.c">
			<Option compilerVar="CC" />
		</Unit>
		<Unit filename="bmp085.h" />
		<Unit filename="booster.c">
			<Option compilerVar="CC" />
		</Unit>
		<Unit filename="booster.h" />
		<Unit filename="button.c">
			<Option compilerVar="CC" />
		</Unit>
		<Unit filename="button.h" />
		<Unit filename="buzzer.c">
			<Option compilerVar="CC" />
		</Unit>
		<Unit filename="buzzer.h" />
		<Unit filename="data.h" />
		<Unit filename="filter.c">
			<Option compilerVar="CC" />
		</Unit>
		<Unit filename="filter.h" />
		<Unit filename="lebipbip.c">
			<Option compilerVar="CC" />
		</Unit>
		<Unit filename="ms5607.c">
			<Option compilerVar="CC" />
		</Unit>
		<Unit filename="ms5607.h" />
		<Unit filename="oscillator.c">
			<Option compilerVar="CC" />
		</Unit>
		<Unit filename="oscillator.h" />
		<Unit filename="power.c">
			<Option compilerVar="CC" />
		</Unit>
		<Unit filename="power.h" />
		<Unit filename="sensor.h" />
		<Unit filename="sink.c">
			<Option compilerVar="CC" />
		</Unit>
		<Unit filename="sink.h" />
		<Unit filename="target.h" />
		<Unit filename="timer.c">
			<Option compilerVar="CC" />
		</Unit>
		<Unit filename="timer.h" />
		<Unit filename="uart.c">
			<Option compilerVar="CC" />
		</Unit>
		<Unit filename="uart.h" />
		<Unit filename="vario.c">
			<Option compilerVar="CC" />
		</Unit>
		<Unit filename="vario.h" />
		<Extensions>
			<code_completion />
			<debugger />
		</Extensions>
	</Project>
</CodeBlocks_project_file>
